PODS:
  - Alamofire (4.7.2)
  - Kingfisher (4.8.0)
  - NVActivityIndicatorView (4.2.1):
    - NVActivityIndicatorView/Presenter (= 4.2.1)
  - NVActivityIndicatorView/Presenter (4.2.1)
  - ObjectMapper (3.3.0)
  - R.swift (4.0.0):
    - R.swift.Library (~> 4.0.0)
  - R.swift.Library (4.0.0)
  - RangeSeekSlider (1.7.0)
  - RxCocoa (4.2.0):
    - RxSwift (~> 4.0)
  - RxSwift (4.2.0)
  - SwiftMessages (4.1.4):
    - SwiftMessages/App (= 4.1.4)
  - SwiftMessages/App (4.1.4)
  - SwiftyJSON (4.1.0)

DEPENDENCIES:
  - Alamofire
  - Kingfisher
  - NVActivityIndicatorView
  - ObjectMapper
  - R.swift
  - RangeSeekSlider
  - RxCocoa
  - RxSwift
  - SwiftMessages
  - SwiftyJSON

SPEC REPOS:
  https://github.com/cocoapods/specs.git:
    - Alamofire
    - Kingfisher
    - NVActivityIndicatorView
    - ObjectMapper
    - R.swift
    - R.swift.Library
    - RangeSeekSlider
    - RxCocoa
    - RxSwift
    - SwiftMessages
    - SwiftyJSON

SPEC CHECKSUMS:
  Alamofire: e4fa87002c137ba2d8d634d2c51fabcda0d5c223
  Kingfisher: 976d828df2b24834c6a3f2fc4d82cdbd26552be1
  NVActivityIndicatorView: 8068ba3ad39cb44cbaab25d89ff2546b3f092681
  ObjectMapper: b612bf8c8e99c4dc0bb6013a51f7c27966ed5da9
  R.swift: d6a5ec2f55a8441dc0ed9f1f8b37d7d11ae85c66
  R.swift.Library: c3af34921024333546e23b70e70d0b4e0cffca75
  RangeSeekSlider: 0386c5a9aa5ebcb2fa5238e8a627280cf46c7c0a
  RxCocoa: 0b54909c902e1e581212a03e690bbd94032d8baa
  RxSwift: 99e10317ddfcc7fbe01356aafd118fde4a0be104
  SwiftMessages: 2c33fdee8b8f38dfc7e1036684456b505891da8c
  SwiftyJSON: c29297daf073d2aa016295d5809cdd68045c39b3

PODFILE CHECKSUM: 47f88030fcfcb7651c6b7b7daf2b2f4439e2d566

COCOAPODS: 1.5.3
